// !$*UTF8*$!
{
	archiveVersion = 1;
	classes = {
	};
	objectVersion = 48;
	objects = {

/* Begin PBXBuildFile section */
		F603E69720AC7289007D12BA /* AppDelegate.swift in Sources */ = {isa = PBXBuildFile; fileRef = F603E69620AC7289007D12BA /* AppDelegate.swift */; };
		F603E69920AC7289007D12BA /* ViewController.swift in Sources */ = {isa = PBXBuildFile; fileRef = F603E69820AC7289007D12BA /* ViewController.swift */; };
		F603E69C20AC7289007D12BA /* Main.storyboard in Resources */ = {isa = PBXBuildFile; fileRef = F603E69A20AC7289007D12BA /* Main.storyboard */; };
		F603E69E20AC7289007D12BA /* Assets.xcassets in Resources */ = {isa = PBXBuildFile; fileRef = F603E69D20AC7289007D12BA /* Assets.xcassets */; };
		F603E6A120AC7289007D12BA /* LaunchScreen.storyboard in Resources */ = {isa = PBXBuildFile; fileRef = F603E69F20AC7289007D12BA /* LaunchScreen.storyboard */; };
		F603E6A920AC7D98007D12BA /* swift_tutorial.pdf in Resources */ = {isa = PBXBuildFile; fileRef = F603E6A820AC7D98007D12BA /* swift_tutorial.pdf */; };
/* End PBXBuildFile section */

/* Begin PBXFileReference section */
		F603E69320AC7289007D12BA /* changeView.app */ = {isa = PBXFileReference; explicitFileType = wrapper.application; includeInIndex = 0; path = changeView.app; sourceTree = BUILT_PRODUCTS_DIR; };
		F603E69620AC7289007D12BA /* AppDelegate.swift */ = {isa = PBXFileReference; lastKnownFileType = sourcecode.swift; path = AppDelegate.swift; sourceTree = "<group>"; };
		F603E69820AC7289007D12BA /* ViewController.swift */ = {isa = PBXFileReference; lastKnownFileType = sourcecode.swift; path = ViewController.swift; sourceTree = "<group>"; };
		F603E69B20AC7289007D12BA /* Base */ = {isa = PBXFileReference; lastKnownFileType = file.storyboard; name = Base; path = Base.lproj/Main.storyboard; sourceTree = "<group>"; };
		F603E69D20AC7289007D12BA /* Assets.xcassets */ = {isa = PBXFileReference; lastKnownFileType = folder.assetcatalog; path = Assets.xcassets; sourceTree = "<group>"; };
		F603E6A020AC7289007D12BA /* Base */ = {isa = PBXFileReference; lastKnownFileType = file.storyboard; name = Base; path = Base.lproj/LaunchScreen.storyboard; sourceTree = "<group>"; };
		F603E6A220AC7289007D12BA /* Info.plist */ = {isa = PBXFileReference; lastKnownFileType = text.plist.xml; path = Info.plist; sourceTree = "<group>"; };
		F603E6A820AC7D98007D12BA /* swift_tutorial.pdf */ = {isa = PBXFileReference; lastKnownFileType = image.pdf; path = swift_tutorial.pdf; sourceTree = "<group>"; };
/* End PBXFileReference section */

/* Begin PBXFrameworksBuildPhase section */
		F603E69020AC7289007D12BA /* Frameworks */ = {
			isa = PBXFrameworksBuildPhase;
			buildActionMask = 2147483647;
			files = (
			);
			runOnlyForDeploymentPostprocessing = 0;
		};
/* End PBXFrameworksBuildPhase section */

/* Begin PBXGroup section */
		F603E68A20AC7289007D12BA = {
			isa = PBXGroup;
			children = (
				F603E69520AC7289007D12BA /* changeView */,
				F603E69420AC7289007D12BA /* Products */,
			);
			sourceTree = "<group>";
		};
		F603E69420AC7289007D12BA /* Products */ = {
			isa = PBXGroup;
			children = (
				F603E69320AC7289007D12BA /* changeView.app */,
			);
			name = Products;
			sourceTree = "<group>";
		};
		F603E69520AC7289007D12BA /* changeView */ = {
			isa = PBXGroup;
			children = (
				F603E69620AC7289007D12BA /* AppDelegate.swift */,
				F603E69820AC7289007D12BA /* ViewController.swift */,
				F603E69A20AC7289007D12BA /* Main.storyboard */,
				F603E6A820AC7D98007D12BA /* swift_tutorial.pdf */,
				F603E69D20AC7289007D12BA /* Assets.xcassets */,
				F603E69F20AC7289007D12BA /* LaunchScreen.storyboard */,
				F603E6A220AC7289007D12BA /* Info.plist */,
			);
			path = changeView;
			sourceTree = "<group>";
		};
/* End PBXGroup section */

/* Begin PBXNativeTarget section */
		F603E69220AC7289007D12BA /* changeView */ = {
			isa = PBXNativeTarget;
			buildConfigurationList = F603E6A520AC7289007D12BA /* Build configuration list for PBXNativeTarget "changeView" */;
			buildPhases = (
				F603E68F20AC7289007D12BA /* Sources */,
				F603E69020AC7289007D12BA /* Frameworks */,
				F603E69120AC7289007D12BA /* Resources */,
			);
			buildRules = (
			);
			dependencies = (
			);
			name = changeView;
			productName = changeView;
			productReference = F603E69320AC7289007D12BA /* changeView.app */;
			productType = "com.apple.product-type.application";
		};
/* End PBXNativeTarget section */

/* Begin PBXProject section */
		F603E68B20AC7289007D12BA /* Project object */ = {
			isa = PBXProject;
			attributes = {
				LastSwiftUpdateCheck = 0920;
				LastUpgradeCheck = 0920;
				ORGANIZATIONNAME = Pisal;
				TargetAttributes = {
					F603E69220AC7289007D12BA = {
						CreatedOnToolsVersion = 9.2;
						ProvisioningStyle = Automatic;
					};
				};
			};
			buildConfigurationList = F603E68E20AC7289007D12BA /* Build configuration list for PBXProject "changeView" */;
			compatibilityVersion = "Xcode 8.0";
			developmentRegion = en;
			hasScannedForEncodings = 0;
			knownRegions = (
				en,
				Base,
			);
			mainGroup = F603E68A20AC7289007D12BA;
			productRefGroup = F603E69420AC7289007D12BA /* Products */;
			projectDirPath = "";
			projectRoot = "";
			targets = (
				F603E69220AC7289007D12BA /* changeView */,
			);
		};
/* End PBXProject section */

/* Begin PBXResourcesBuildPhase section */
		F603E69120AC7289007D12BA /* Resources */ = {
			isa = PBXResourcesBuildPhase;
			buildActionMask = 2147483647;
			files = (
				F603E6A120AC7289007D12BA /* LaunchScreen.storyboard in Resources */,
				F603E69E20AC7289007D12BA /* Assets.xcassets in Resources */,
				F603E6A920AC7D98007D12BA /* swift_tutorial.pdf in Resources */,
				F603E69C20AC7289007D12BA /* Main.storyboard in Resources */,
			);
			runOnlyForDeploymentPostprocessing = 0;
		};
/* End PBXResourcesBuildPhase section */

/* Begin PBXSourcesBuildPhase section */
		F603E68F20AC7289007D12BA /* Sources */ = {
			isa = PBXSourcesBuildPhase;
			buildActionMask = 2147483647;
			files = (
				F603E69920AC7289007D12BA /* ViewController.swift in Sources */,
				F603E69720AC7289007D12BA /* AppDelegate.swift in Sources */,
			);
			runOnlyForDeploymentPostprocessing = 0;
		};
/* End PBXSourcesBuildPhase section */

/* Begin PBXVariantGroup section */
		F603E69A20AC7289007D12BA /* Main.storyboard */ = {
			isa = PBXVariantGroup;
			children = (
				F603E69B20AC7289007D12BA /* Base */,
			);
			name = Main.storyboard;
			sourceTree = "<group>";
		};
		F603E69F20AC7289007D12BA /* LaunchScreen.storyboard */ = {
			isa = PBXVariantGroup;
			children = (
				F603E6A020AC7289007D12BA /* Base */,
			);
			name = LaunchScreen.storyboard;
			sourceTree = "<group>";
		};
/* End PBXVariantGroup section */

/* Begin XCBuildConfiguration section */
		F603E6A320AC7289007D12BA /* Debug */ = {
			isa = XCBuildConfiguration;
			buildSettings = {
				ALWAYS_SEARCH_USER_PATHS = NO;
				CLANG_ANALYZER_NONNULL = YES;
				CLANG_ANALYZER_NUMBER_OBJECT_CONVERSION = YES_AGGRESSIVE;
				CLANG_CXX_LANGUAGE_STANDARD = "gnu++14";
				CLANG_CXX_LIBRARY = "libc++";
				CLANG_ENABLE_MODULES = YES;
				CLANG_ENABLE_OBJC_ARC = YES;
				CLANG_WARN_BLOCK_CAPTURE_AUTORELEASING = YES;
				CLANG_WARN_BOOL_CONVERSION = YES;
				CLANG_WARN_COMMA = YES;
				CLANG_WARN_CONSTANT_CONVERSION = YES;
				CLANG_WARN_DIRECT_OBJC_ISA_USAGE = YES_ERROR;
				CLANG_WARN_DOCUMENTATION_COMMENTS = YES;
				CLANG_WARN_EMPTY_BODY = YES;
				CLANG_WARN_ENUM_CONVERSION = YES;
				CLANG_WARN_INFINITE_RECURSION = YES;
				CLANG_WARN_INT_CONVERSION = YES;
				CLANG_WARN_NON_LITERAL_NULL_CONVERSION = YES;
				CLANG_WARN_OBJC_LITERAL_CONVERSION = YES;
				CLANG_WARN_OBJC_ROOT_CLASS = YES_ERROR;
				CLANG_WARN_RANGE_LOOP_ANALYSIS = YES;
				CLANG_WARN_STRICT_PROTOTYPES = YES;
				CLANG_WARN_SUSPICIOUS_MOVE = YES;
				CLANG_WARN_UNGUARDED_AVAILABILITY = YES_AGGRESSIVE;
				CLANG_WARN_UNREACHABLE_CODE = YES;
				CLANG_WARN__DUPLICATE_METHOD_MATCH = YES;
				CODE_SIGN_IDENTITY = "iPhone Developer";
				COPY_PHASE_STRIP = NO;
				DEBUG_INFORMATION_FORMAT = dwarf;
				ENABLE_STRICT_OBJC_MSGSEND = YES;
				ENABLE_TESTABILITY = YES;
				GCC_C_LANGUAGE_STANDARD = gnu11;
				GCC_DYNAMIC_NO_PIC = NO;
				GCC_NO_COMMON_BLOCKS = YES;
				GCC_OPTIMIZATION_LEVEL = 0;
				GCC_PREPROCESSOR_DEFINITIONS = (
					"DEBUG=1",
					"$(inherited)",
				);
				GCC_WARN_64_TO_32_BIT_CONVERSION = YES;
				GCC_WARN_ABOUT_RETURN_TYPE = YES_ERROR;
				GCC_WARN_UNDECLARED_SELECTOR = YES;
				GCC_WARN_UNINITIALIZED_AUTOS = YES_AGGRESSIVE;
				GCC_WARN_UNUSED_FUNCTION = YES;
				GCC_WARN_UNUSED_VARIABLE = YES;
				IPHONEOS_DEPLOYMENT_TARGET = 11.2;
				MTL_ENABLE_DEBUG_INFO = YES;
				ONLY_ACTIVE_ARCH = YES;
				SDKROOT = iphoneos;
				SWIFT_ACTIVE_COMPILATION_CONDITIONS = DEBUG;
				SWIFT_OPTIMIZATION_LEVEL = "-Onone";
			};
			name = Debug;
		};
		F603E6A420AC7289007D12BA /* Release */ = {
			isa = XCBuildConfiguration;
			buildSettings = {
				ALWAYS_SEARCH_USER_PATHS = NO;
				CLANG_ANALYZER_NONNULL = YES;
				CLANG_ANALYZER_NUMBER_OBJECT_CONVERSION = YES_AGGRESSIVE;
				CLANG_CXX_LANGUAGE_STANDARD = "gnu++14";
				CLANG_CXX_LIBRARY = "libc++";
				CLANG_ENABLE_MODULES = YES;
				CLANG_ENABLE_OBJC_ARC = YES;
				CLANG_WARN_BLOCK_CAPTURE_AUTORELEASING = YES;
				CLANG_WARN_BOOL_CONVERSION = YES;
				CLANG_WARN_COMMA = YES;
				CLANG_WARN_CONSTANT_CONVERSION = YES;
				CLANG_WARN_DIRECT_OBJC_ISA_USAGE = YES_ERROR;
				CLANG_WARN_DOCUMENTATION_COMMENTS = YES;
				CLANG_WARN_EMPTY_BODY = YES;
				CLANG_WARN_ENUM_CONVERSION = YES;
				CLANG_WARN_INFINITE_RECURSION = YES;
				CLANG_WARN_INT_CONVERSION = YES;
				CLANG_WARN_NON_LITERAL_NULL_CONVERSION = YES;
				CLANG_WARN_OBJC_LITERAL_CONVERSION = YES;
				CLANG_WARN_OBJC_ROOT_CLASS = YES_ERROR;
				CLANG_WARN_RANGE_LOOP_ANALYSIS = YES;
				CLANG_WARN_STRICT_PROTOTYPES = YES;
				CLANG_WARN_SUSPICIOUS_MOVE = YES;
				CLANG_WARN_UNGUARDED_AVAILABILITY = YES_AGGRESSIVE;
				CLANG_WARN_UNREACHABLE_CODE = YES;
				CLANG_WARN__DUPLICATE_METHOD_MATCH = YES;
				CODE_SIGN_IDENTITY = "iPhone Developer";
				COPY_PHASE_STRIP = NO;
				DEBUG_INFORMATION_FORMAT = "dwarf-with-dsym";
				ENABLE_NS_ASSERTIONS = NO;
				ENABLE_STRICT_OBJC_MSGSEND = YES;
				GCC_C_LANGUAGE_STANDARD = gnu11;
				GCC_NO_COMMON_BLOCKS = YES;
				GCC_WARN_64_TO_32_BIT_CONVERSION = YES;
				GCC_WARN_ABOUT_RETURN_TYPE = YES_ERROR;
				GCC_WARN_UNDECLARED_SELECTOR = YES;
				GCC_WARN_UNINITIALIZED_AUTOS = YES_AGGRESSIVE;
				GCC_WARN_UNUSED_FUNCTION = YES;
				GCC_WARN_UNUSED_VARIABLE = YES;
				IPHONEOS_DEPLOYMENT_TARGET = 11.2;
				MTL_ENABLE_DEBUG_INFO = NO;
				SDKROOT = iphoneos;
				SWIFT_OPTIMIZATION_LEVEL = "-Owholemodule";
				VALIDATE_PRODUCT = YES;
			};
			name = Release;
		};
		F603E6A620AC7289007D12BA /* Debug */ = {
			isa = XCBuildConfiguration;
			buildSettings = {
				ASSETCATALOG_COMPILER_APPICON_NAME = AppIcon;
				CODE_SIGN_STYLE = Automatic;
				DEVELOPMENT_TEAM = 4J5WG8JLK4;
				INFOPLIST_FILE = changeView/Info.plist;
				IPHONEOS_DEPLOYMENT_TARGET = 11.0;
				LD_RUNPATH_SEARCH_PATHS = "$(inherited) @executable_path/Frameworks";
				PRODUCT_BUNDLE_IDENTIFIER = com.SamboVIsal.changeView;
				PRODUCT_NAME = "$(TARGET_NAME)";
				SWIFT_VERSION = 4.0;
				TARGETED_DEVICE_FAMILY = "1,2";
			};
			name = Debug;
		};
		F603E6A720AC7289007D12BA /* Release */ = {
			isa = XCBuildConfiguration;
			buildSettings = {
				ASSETCATALOG_COMPILER_APPICON_NAME = AppIcon;
				CODE_SIGN_STYLE = Automatic;
				DEVELOPMENT_TEAM = 4J5WG8JLK4;
				INFOPLIST_FILE = changeView/Info.plist;
				IPHONEOS_DEPLOYMENT_TARGET = 11.0;
				LD_RUNPATH_SEARCH_PATHS = "$(inherited) @executable_path/Frameworks";
				PRODUCT_BUNDLE_IDENTIFIER = com.SamboVIsal.changeView;
				PRODUCT_NAME = "$(TARGET_NAME)";
				SWIFT_VERSION = 4.0;
				TARGETED_DEVICE_FAMILY = "1,2";
			};
			name = Release;
		};
/* End XCBuildConfiguration section */

/* Begin XCConfigurationList section */
		F603E68E20AC7289007D12BA /* Build configuration list for PBXProject "changeView" */ = {
			isa = XCConfigurationList;
			buildConfigurations = (
				F603E6A320AC7289007D12BA /* Debug */,
				F603E6A420AC7289007D12BA /* Release */,
			);
			defaultConfigurationIsVisible = 0;
			defaultConfigurationName = Release;
		};
		F603E6A520AC7289007D12BA /* Build configuration list for PBXNativeTarget "changeView" */ = {
			isa = XCConfigurationList;
			buildConfigurations = (
				F603E6A620AC7289007D12BA /* Debug */,
				F603E6A720AC7289007D12BA /* Release */,
			);
			defaultConfigurationIsVisible = 0;
			defaultConfigurationName = Release;
		};
/* End XCConfigurationList section */
	};
	rootObject = F603E68B20AC7289007D12BA /* Project object */;
}
